
Microsoft Visual Studio Solution File, Format Version 12.00
# Visual Studio 15
VisualStudioVersion = 15.0.28307.960
MinimumVisualStudioVersion = 10.0.40219.1
Project("{FAE04EC0-301F-11D3-BF4B-00C04F79EFBC}") = "DotNetBasics", "DotNetBasics\DotNetBasics.csproj", "{5AA868EC-F7C8-40B6-8100-9A62B75AEB88}"
EndProject
Global
	GlobalSection(SolutionConfigurationPlatforms) = preSolution
		Debug|Any CPU = Debug|Any CPU
		Release|Any CPU = Release|Any CPU
	EndGlobalSection
	GlobalSection(ProjectConfigurationPlatforms) = postSolution
		{5AA868EC-F7C8-40B6-8100-9A62B75AEB88}.Debug|Any CPU.ActiveCfg = Debug|Any CPU
		{5AA868EC-F7C8-40B6-8100-9A62B75AEB88}.Debug|Any CPU.Build.0 = Debug|Any CPU
		{5AA868EC-F7C8-40B6-8100-9A62B75AEB88}.Release|Any CPU.ActiveCfg = Release|Any CPU
		{5AA868EC-F7C8-40B6-8100-9A62B75AEB88}.Release|Any CPU.Build.0 = Release|Any CPU
	EndGlobalSection
	GlobalSection(SolutionProperties) = preSolution
		HideSolutionNode = FALSE
	EndGlobalSection
	GlobalSection(ExtensibilityGlobals) = postSolution
		SolutionGuid = {908A5851-7049-4DFE-95A0-0C67F0324400}
	EndGlobalSection
EndGlobal
