
Microsoft Visual Studio Solution File, Format Version 12.00
# Visual Studio 15
VisualStudioVersion = 15.0.28307.902
MinimumVisualStudioVersion = 10.0.40219.1
Project("{FAE04EC0-301F-11D3-BF4B-00C04F79EFBC}") = "company", "company\company.csproj", "{96652B1F-2729-4DE1-B38D-E40A85439E17}"
EndProject
Global
	GlobalSection(SolutionConfigurationPlatforms) = preSolution
		Debug|Any CPU = Debug|Any CPU
		Release|Any CPU = Release|Any CPU
	EndGlobalSection
	GlobalSection(ProjectConfigurationPlatforms) = postSolution
		{96652B1F-2729-4DE1-B38D-E40A85439E17}.Debug|Any CPU.ActiveCfg = Debug|Any CPU
		{96652B1F-2729-4DE1-B38D-E40A85439E17}.Debug|Any CPU.Build.0 = Debug|Any CPU
		{96652B1F-2729-4DE1-B38D-E40A85439E17}.Release|Any CPU.ActiveCfg = Release|Any CPU
		{96652B1F-2729-4DE1-B38D-E40A85439E17}.Release|Any CPU.Build.0 = Release|Any CPU
	EndGlobalSection
	GlobalSection(SolutionProperties) = preSolution
		HideSolutionNode = FALSE
	EndGlobalSection
	GlobalSection(ExtensibilityGlobals) = postSolution
		SolutionGuid = {32F33648-5EAB-48E6-B32A-5B2A699AF6D9}
	EndGlobalSection
EndGlobal
