
Microsoft Visual Studio Solution File, Format Version 12.00
# Visual Studio 15
VisualStudioVersion = 15.0.28307.1000
MinimumVisualStudioVersion = 10.0.40219.1
Project("{FAE04EC0-301F-11D3-BF4B-00C04F79EFBC}") = "WebApplicationPanel", "WebApplicationPanel\WebApplicationPanel.csproj", "{EC1659EB-707D-416C-8BD0-AD72DD2CCE40}"
EndProject
Global
	GlobalSection(SolutionConfigurationPlatforms) = preSolution
		Debug|Any CPU = Debug|Any CPU
		Release|Any CPU = Release|Any CPU
	EndGlobalSection
	GlobalSection(ProjectConfigurationPlatforms) = postSolution
		{EC1659EB-707D-416C-8BD0-AD72DD2CCE40}.Debug|Any CPU.ActiveCfg = Debug|Any CPU
		{EC1659EB-707D-416C-8BD0-AD72DD2CCE40}.Debug|Any CPU.Build.0 = Debug|Any CPU
		{EC1659EB-707D-416C-8BD0-AD72DD2CCE40}.Release|Any CPU.ActiveCfg = Release|Any CPU
		{EC1659EB-707D-416C-8BD0-AD72DD2CCE40}.Release|Any CPU.Build.0 = Release|Any CPU
	EndGlobalSection
	GlobalSection(SolutionProperties) = preSolution
		HideSolutionNode = FALSE
	EndGlobalSection
	GlobalSection(ExtensibilityGlobals) = postSolution
		SolutionGuid = {6291CE64-2D3B-4B27-BB96-989FDEF68E3B}
	EndGlobalSection
EndGlobal
