
Microsoft Visual Studio Solution File, Format Version 12.00
# Visual Studio 15
VisualStudioVersion = 15.0.28307.902
MinimumVisualStudioVersion = 10.0.40219.1
Project("{FAE04EC0-301F-11D3-BF4B-00C04F79EFBC}") = "DotNetSession1", "DotNetSession1\DotNetSession1.csproj", "{7071332E-8CFF-4D23-86D3-3081CF0AF8B7}"
EndProject
Global
	GlobalSection(SolutionConfigurationPlatforms) = preSolution
		Debug|Any CPU = Debug|Any CPU
		Release|Any CPU = Release|Any CPU
	EndGlobalSection
	GlobalSection(ProjectConfigurationPlatforms) = postSolution
		{7071332E-8CFF-4D23-86D3-3081CF0AF8B7}.Debug|Any CPU.ActiveCfg = Debug|Any CPU
		{7071332E-8CFF-4D23-86D3-3081CF0AF8B7}.Debug|Any CPU.Build.0 = Debug|Any CPU
		{7071332E-8CFF-4D23-86D3-3081CF0AF8B7}.Release|Any CPU.ActiveCfg = Release|Any CPU
		{7071332E-8CFF-4D23-86D3-3081CF0AF8B7}.Release|Any CPU.Build.0 = Release|Any CPU
	EndGlobalSection
	GlobalSection(SolutionProperties) = preSolution
		HideSolutionNode = FALSE
	EndGlobalSection
	GlobalSection(ExtensibilityGlobals) = postSolution
		SolutionGuid = {D89A71D5-3070-4EEB-8784-1C285E8A0A23}
	EndGlobalSection
EndGlobal
